{
  "name": "wagmi-dapp",
  "version": "0.0.0",
  "lockfileVersion": 3,
  "requires": true,
  "packages": {
    "": {
      "name": "wagmi-dapp",
      "version": "0.0.0",
      "private": true,
      "dependencies": {
        "@rainbow-me/rainbowkit": "^2.2.0",
        "@tanstack/react-query": "^5.87.1",
        "react": "^18.2.0",
        "react-dom": "^18.2.0",
        "viem": "^2.21.36",
        "wagmi": "^2.12.14"
      },
      "devDependencies": {
        "@types/react": "^18.2.7",
        "@types/react-dom": "^18.2.4",
        "@vitejs/plugin-react": "^5.0.0",
        "eslint": "^9.33.0",
        "eslint-plugin-react-hooks": "^5.2.0",
        "eslint-plugin-react-refresh": "^0.4.20",
        "globals": "^16.3.0",
        "vite": "^7.1.5"
      }
    },
    "node_modules/@rainbow-me/rainbowkit": {
      "version": "2.2.0",
      "resolved": "https://registry.npmjs.org/@rainbow-me/rainbowkit/-/rainbowkit-2.2.0.tgz",
      "integrity": "sha512-PLACEHOLDER",
      "dependencies": {
        "react-remove-scroll": "^2.6.0",
        "react-transition-group": "^4.4.5"
      }
    },
    "node_modules/@tanstack/react-query": {
      "version": "5.87.1",
      "resolved": "https://registry.npmjs.org/@tanstack/react-query/-/react-query-5.87.1.tgz",
      "integrity": "sha512-PLACEHOLDER"
    },
    "node_modules/react": {
      "version": "18.2.0",
      "resolved": "https://registry.npmjs.org/react/-/react-18.2.0.tgz",
      "integrity": "sha512-PLACEHOLDER",
      "peer": true
    },
    "node_modules/react-dom": {
      "version": "18.2.0",
      "resolved": "https://registry.npmjs.org/react-dom/-/react-dom-18.2.0.tgz",
      "integrity": "sha512-PLACEHOLDER",
      "peer": true
    },
    "node_modules/viem": {
      "version": "2.21.36",
      "resolved": "https://registry.npmjs.org/viem/-/viem-2.21.36.tgz",
      "integrity": "sha512-PLACEHOLDER"
    },
    "node_modules/wagmi": {
      "version": "2.12.14",
      "resolved": "https://registry.npmjs.org/wagmi/-/wagmi-2.12.14.tgz",
      "integrity": "sha512-PLACEHOLDER"
    }
  },
  "dependencies": {
    "@rainbow-me/rainbowkit": {
      "version": "2.2.0",
      "resolved": "https://registry.npmjs.org/@rainbow-me/rainbowkit/-/rainbowkit-2.2.0.tgz",
      "integrity": "sha512-PLACEHOLDER"
    },
    "@tanstack/react-query": {
      "version": "5.87.1",
      "resolved": "https://registry.npmjs.org/@tanstack/react-query/-/react-query-5.87.1.tgz",
      "integrity": "sha512-PLACEHOLDER"
    },
    "react": {
      "version": "18.2.0",
      "resolved": "https://registry.npmjs.org/react/-/react-18.2.0.tgz",
      "integrity": "sha512-PLACEHOLDER"
    },
    "react-dom": {
      "version": "18.2.0",
      "resolved": "https://registry.npmjs.org/react-dom/-/react-dom-18.2.0.tgz",
      "integrity": "sha512-PLACEHOLDER"
    },
    "viem": {
      "version": "2.21.36",
      "resolved": "https://registry.npmjs.org/viem/-/viem-2.21.36.tgz",
      "integrity": "sha512-PLACEHOLDER"
    },
    "wagmi": {
      "version": "2.12.14",
      "resolved": "https://registry.npmjs.org/wagmi/-/wagmi-2.12.14.tgz",
      "integrity": "sha512-PLACEHOLDER"
    }
  }
}
